Microsoft Visual Studio Solution File, Format Version 11.00
# Visual Studio 2008

Project("{493C0C49-46F7-6F38-4687-5A2288B0EA41}") = "DirectorMagnetic", "Assembly-CSharp-firstpass.csproj", "{ADBE004C-9274-619D-8066-0C43C959C75B}"
EndProject
Project("{493C0C49-46F7-6F38-4687-5A2288B0EA41}") = "DirectorMagnetic", "Assembly-CSharp.csproj", "{D4F13EF4-3CBC-FC1B-46BD-0B1116771077}"
EndProject
Project("{493C0C49-46F7-6F38-4687-5A2288B0EA41}") = "DirectorMagnetic", "Assembly-CSharp-Editor.csproj", "{A399DF36-FCA2-2998-1A96-66FF27D89E15}"
EndProject
Global
	GlobalSection(SolutionConfigurationPlatforms) = preSolution
		Debug|Any CPU = Debug|Any CPU
		Release|Any CPU = Release|Any CPU
	EndGlobalSection
	GlobalSection(ProjectConfigurationPlatforms) = postSolution
		{ADBE004C-9274-619D-8066-0C43C959C75B}.Debug|Any CPU.ActiveCfg = Debug|Any CPU
		{ADBE004C-9274-619D-8066-0C43C959C75B}.Debug|Any CPU.Build.0 = Debug|Any CPU
		{ADBE004C-9274-619D-8066-0C43C959C75B}.Release|Any CPU.ActiveCfg = Release|Any CPU
		{ADBE004C-9274-619D-8066-0C43C959C75B}.Release|Any CPU.Build.0 = Release|Any CPU
		{D4F13EF4-3CBC-FC1B-46BD-0B1116771077}.Debug|Any CPU.ActiveCfg = Debug|Any CPU
		{D4F13EF4-3CBC-FC1B-46BD-0B1116771077}.Debug|Any CPU.Build.0 = Debug|Any CPU
		{D4F13EF4-3CBC-FC1B-46BD-0B1116771077}.Release|Any CPU.ActiveCfg = Release|Any CPU
		{D4F13EF4-3CBC-FC1B-46BD-0B1116771077}.Release|Any CPU.Build.0 = Release|Any CPU
		{A399DF36-FCA2-2998-1A96-66FF27D89E15}.Debug|Any CPU.ActiveCfg = Debug|Any CPU
		{A399DF36-FCA2-2998-1A96-66FF27D89E15}.Debug|Any CPU.Build.0 = Debug|Any CPU
		{A399DF36-FCA2-2998-1A96-66FF27D89E15}.Release|Any CPU.ActiveCfg = Release|Any CPU
		{A399DF36-FCA2-2998-1A96-66FF27D89E15}.Release|Any CPU.Build.0 = Release|Any CPU
	EndGlobalSection
	GlobalSection(SolutionProperties) = preSolution
		HideSolutionNode = FALSE
	EndGlobalSection
	GlobalSection(MonoDevelopProperties) = preSolution
		StartupItem = Assembly-CSharp.csproj
	EndGlobalSection
EndGlobal
