Microsoft Visual Studio Solution File, Format Version 11.00
# Visual Studio 2008

Project("{6838102E-8B7D-6D62-3895-9DCB85F0F92E}") = "Director Magnetic", "Assembly-CSharp.csproj", "{AA18AC57-2DF1-E3B0-DFB8-F0DA171259B0}"
EndProject
Global
	GlobalSection(SolutionConfigurationPlatforms) = preSolution
		Debug|Any CPU = Debug|Any CPU
		Release|Any CPU = Release|Any CPU
	EndGlobalSection
	GlobalSection(ProjectConfigurationPlatforms) = postSolution
		{AA18AC57-2DF1-E3B0-DFB8-F0DA171259B0}.Debug|Any CPU.ActiveCfg = Debug|Any CPU
		{AA18AC57-2DF1-E3B0-DFB8-F0DA171259B0}.Debug|Any CPU.Build.0 = Debug|Any CPU
		{AA18AC57-2DF1-E3B0-DFB8-F0DA171259B0}.Release|Any CPU.ActiveCfg = Release|Any CPU
		{AA18AC57-2DF1-E3B0-DFB8-F0DA171259B0}.Release|Any CPU.Build.0 = Release|Any CPU
	EndGlobalSection
	GlobalSection(SolutionProperties) = preSolution
		HideSolutionNode = FALSE
	EndGlobalSection
	GlobalSection(MonoDevelopProperties) = preSolution
		StartupItem = Assembly-CSharp.csproj
	EndGlobalSection
EndGlobal
